// !$*UTF8*$!
{
	archiveVersion = 1;
	classes = {
	};
	objectVersion = 48;
	objects = {

/* Begin PBXBuildFile section */
		5735E248201BC427002D0851 /* AppDelegate.swift in Sources */ = {isa = PBXBuildFile; fileRef = 5735E247201BC427002D0851 /* AppDelegate.swift */; };
		5735E24A201BC427002D0851 /* ViewController.swift in Sources */ = {isa = PBXBuildFile; fileRef = 5735E249201BC427002D0851 /* ViewController.swift */; };
		5735E24F201BC427002D0851 /* Assets.xcassets in Resources */ = {isa = PBXBuildFile; fileRef = 5735E24E201BC427002D0851 /* Assets.xcassets */; };
		5735E252201BC427002D0851 /* LaunchScreen.storyboard in Resources */ = {isa = PBXBuildFile; fileRef = 5735E250201BC427002D0851 /* LaunchScreen.storyboard */; };
		5735E25D201BC427002D0851 /* Compliment_2_0Tests.swift in Sources */ = {isa = PBXBuildFile; fileRef = 5735E25C201BC427002D0851 /* Compliment_2_0Tests.swift */; };
		5735E268201BC427002D0851 /* Compliment_2_0UITests.swift in Sources */ = {isa = PBXBuildFile; fileRef = 5735E267201BC427002D0851 /* Compliment_2_0UITests.swift */; };
		5735E295201C9246002D0851 /* NavViewController.swift in Sources */ = {isa = PBXBuildFile; fileRef = 5735E294201C9246002D0851 /* NavViewController.swift */; };
		5735E297201C9EAC002D0851 /* next.png in Resources */ = {isa = PBXBuildFile; fileRef = 5735E296201C9EAC002D0851 /* next.png */; };
		5735E299201CA0A4002D0851 /* input.png in Resources */ = {isa = PBXBuildFile; fileRef = 5735E298201CA0A3002D0851 /* input.png */; };
		5735E29B201CB123002D0851 /* VKEnter.png in Resources */ = {isa = PBXBuildFile; fileRef = 5735E29A201CB122002D0851 /* VKEnter.png */; };
		5735E2A1201CB1A1002D0851 /* Main.storyboard in Resources */ = {isa = PBXBuildFile; fileRef = 5735E29F201CB1A1002D0851 /* Main.storyboard */; };
		5735E2B6201CB72C002D0851 /* Слой 10.png in Resources */ = {isa = PBXBuildFile; fileRef = 5735E2AD201CB72A002D0851 /* Слой 10.png */; };
		5735E2B7201CB72C002D0851 /* Елизавета Орлова.png in Resources */ = {isa = PBXBuildFile; fileRef = 5735E2AE201CB72B002D0851 /* Елизавета Орлова.png */; };
		5735E2B8201CB72C002D0851 /* Анастасия Курдачева.png in Resources */ = {isa = PBXBuildFile; fileRef = 5735E2AF201CB72B002D0851 /* Анастасия Курдачева.png */; };
		5735E2B9201CB72C002D0851 /* Мария Рафикова.png in Resources */ = {isa = PBXBuildFile; fileRef = 5735E2B0201CB72B002D0851 /* Мария Рафикова.png */; };
		5735E2BA201CB72C002D0851 /* Анна Фатеева.png in Resources */ = {isa = PBXBuildFile; fileRef = 5735E2B1201CB72B002D0851 /* Анна Фатеева.png */; };
		5735E2BB201CB72C002D0851 /* Слой 12.png in Resources */ = {isa = PBXBuildFile; fileRef = 5735E2B2201CB72B002D0851 /* Слой 12.png */; };
		5735E2BC201CB72C002D0851 /* Арина Бучарская.png in Resources */ = {isa = PBXBuildFile; fileRef = 5735E2B3201CB72C002D0851 /* Арина Бучарская.png */; };
		5735E2BD201CB72C002D0851 /* Ангелина Акименко.png in Resources */ = {isa = PBXBuildFile; fileRef = 5735E2B4201CB72C002D0851 /* Ангелина Акименко.png */; };
		5735E2BE201CB72C002D0851 /* Слой 14.png in Resources */ = {isa = PBXBuildFile; fileRef = 5735E2B5201CB72C002D0851 /* Слой 14.png */; };
		5735E2C1201CC066002D0851 /* body.png in Resources */ = {isa = PBXBuildFile; fileRef = 5735E2BF201CC065002D0851 /* body.png */; };
		5735E2C2201CC066002D0851 /* boobs.png in Resources */ = {isa = PBXBuildFile; fileRef = 5735E2C0201CC065002D0851 /* boobs.png */; };
		5735E2C4201CFB97002D0851 /* addgirl.png in Resources */ = {isa = PBXBuildFile; fileRef = 5735E2C3201CFB97002D0851 /* addgirl.png */; };
		5735E2C7201D01B1002D0851 /* plus.png in Resources */ = {isa = PBXBuildFile; fileRef = 5735E2C5201D01B0002D0851 /* plus.png */; };
		5735E2C8201D01B1002D0851 /* delete.png in Resources */ = {isa = PBXBuildFile; fileRef = 5735E2C6201D01B0002D0851 /* delete.png */; };
		5735E2CA201D080F002D0851 /* Logo.png in Resources */ = {isa = PBXBuildFile; fileRef = 5735E2C9201D080F002D0851 /* Logo.png */; };
		5735E2CC201D109A002D0851 /* NavSecondViewController.swift in Sources */ = {isa = PBXBuildFile; fileRef = 5735E2CB201D109A002D0851 /* NavSecondViewController.swift */; };
/* End PBXBuildFile section */

/* Begin PBXContainerItemProxy section */
		5735E259201BC427002D0851 /* PBXContainerItemProxy */ = {
			isa = PBXContainerItemProxy;
			containerPortal = 5735E23C201BC427002D0851 /* Project object */;
			proxyType = 1;
			remoteGlobalIDString = 5735E243201BC427002D0851;
			remoteInfo = "Compliment 2.0";
		};
		5735E264201BC427002D0851 /* PBXContainerItemProxy */ = {
			isa = PBXContainerItemProxy;
			containerPortal = 5735E23C201BC427002D0851 /* Project object */;
			proxyType = 1;
			remoteGlobalIDString = 5735E243201BC427002D0851;
			remoteInfo = "Compliment 2.0";
		};
/* End PBXContainerItemProxy section */

/* Begin PBXFileReference section */
		5735E244201BC427002D0851 /* Compliment 2.0.app */ = {isa = PBXFileReference; explicitFileType = wrapper.application; includeInIndex = 0; path = "Compliment 2.0.app"; sourceTree = BUILT_PRODUCTS_DIR; };
		5735E247201BC427002D0851 /* AppDelegate.swift */ = {isa = PBXFileReference; lastKnownFileType = sourcecode.swift; path = AppDelegate.swift; sourceTree = "<group>"; };
		5735E249201BC427002D0851 /* ViewController.swift */ = {isa = PBXFileReference; lastKnownFileType = sourcecode.swift; path = ViewController.swift; sourceTree = "<group>"; };
		5735E24E201BC427002D0851 /* Assets.xcassets */ = {isa = PBXFileReference; lastKnownFileType = folder.assetcatalog; path = Assets.xcassets; sourceTree = "<group>"; };
		5735E251201BC427002D0851 /* Base */ = {isa = PBXFileReference; lastKnownFileType = file.storyboard; name = Base; path = Base.lproj/LaunchScreen.storyboard; sourceTree = "<group>"; };
		5735E253201BC427002D0851 /* Info.plist */ = {isa = PBXFileReference; lastKnownFileType = text.plist.xml; path = Info.plist; sourceTree = "<group>"; };
		5735E258201BC427002D0851 /* Compliment 2.0Tests.xctest */ = {isa = PBXFileReference; explicitFileType = wrapper.cfbundle; includeInIndex = 0; path = "Compliment 2.0Tests.xctest"; sourceTree = BUILT_PRODUCTS_DIR; };
		5735E25C201BC427002D0851 /* Compliment_2_0Tests.swift */ = {isa = PBXFileReference; lastKnownFileType = sourcecode.swift; path = Compliment_2_0Tests.swift; sourceTree = "<group>"; };
		5735E25E201BC427002D0851 /* Info.plist */ = {isa = PBXFileReference; lastKnownFileType = text.plist.xml; path = Info.plist; sourceTree = "<group>"; };
		5735E263201BC427002D0851 /* Compliment 2.0UITests.xctest */ = {isa = PBXFileReference; explicitFileType = wrapper.cfbundle; includeInIndex = 0; path = "Compliment 2.0UITests.xctest"; sourceTree = BUILT_PRODUCTS_DIR; };
		5735E267201BC427002D0851 /* Compliment_2_0UITests.swift */ = {isa = PBXFileReference; lastKnownFileType = sourcecode.swift; path = Compliment_2_0UITests.swift; sourceTree = "<group>"; };
		5735E269201BC427002D0851 /* Info.plist */ = {isa = PBXFileReference; lastKnownFileType = text.plist.xml; path = Info.plist; sourceTree = "<group>"; };
		5735E294201C9246002D0851 /* NavViewController.swift */ = {isa = PBXFileReference; lastKnownFileType = sourcecode.swift; path = NavViewController.swift; sourceTree = "<group>"; };
		5735E296201C9EAC002D0851 /* next.png */ = {isa = PBXFileReference; lastKnownFileType = image.png; path = next.png; sourceTree = "<group>"; };
		5735E298201CA0A3002D0851 /* input.png */ = {isa = PBXFileReference; lastKnownFileType = image.png; path = input.png; sourceTree = "<group>"; };
		5735E29A201CB122002D0851 /* VKEnter.png */ = {isa = PBXFileReference; lastKnownFileType = image.png; name = VKEnter.png; path = "../../../All Assets/Ready/Contents/VKEnter.png"; sourceTree = "<group>"; };
		5735E2A0201CB1A1002D0851 /* Base */ = {isa = PBXFileReference; lastKnownFileType = file.storyboard; name = Base; path = "New Group/Base.lproj/Main.storyboard"; sourceTree = "<group>"; };
		5735E2AD201CB72A002D0851 /* Слой 10.png */ = {isa = PBXFileReference; lastKnownFileType = image.png; name = "Слой 10.png"; path = "../../../All Assets/Ready/Contents/Avatars/Слой 10.png"; sourceTree = "<group>"; };
		5735E2AE201CB72B002D0851 /* Елизавета Орлова.png */ = {isa = PBXFileReference; lastKnownFileType = image.png; name = "Елизавета Орлова.png"; path = "../../../All Assets/Ready/Contents/Avatars/Елизавета Орлова.png"; sourceTree = "<group>"; };
		5735E2AF201CB72B002D0851 /* Анастасия Курдачева.png */ = {isa = PBXFileReference; lastKnownFileType = image.png; name = "Анастасия Курдачева.png"; path = "../../../All Assets/Ready/Contents/Avatars/Анастасия Курдачева.png"; sourceTree = "<group>"; };
		5735E2B0201CB72B002D0851 /* Мария Рафикова.png */ = {isa = PBXFileReference; lastKnownFileType = image.png; name = "Мария Рафикова.png"; path = "../../../All Assets/Ready/Contents/Avatars/Мария Рафикова.png"; sourceTree = "<group>"; };
		5735E2B1201CB72B002D0851 /* Анна Фатеева.png */ = {isa = PBXFileReference; lastKnownFileType = image.png; name = "Анна Фатеева.png"; path = "../../../All Assets/Ready/Contents/Avatars/Анна Фатеева.png"; sourceTree = "<group>"; };
		5735E2B2201CB72B002D0851 /* Слой 12.png */ = {isa = PBXFileReference; lastKnownFileType = image.png; name = "Слой 12.png"; path = "../../../All Assets/Ready/Contents/Avatars/Слой 12.png"; sourceTree = "<group>"; };
		5735E2B3201CB72C002D0851 /* Арина Бучарская.png */ = {isa = PBXFileReference; lastKnownFileType = image.png; name = "Арина Бучарская.png"; path = "../../../All Assets/Ready/Contents/Avatars/Арина Бучарская.png"; sourceTree = "<group>"; };
		5735E2B4201CB72C002D0851 /* Ангелина Акименко.png */ = {isa = PBXFileReference; lastKnownFileType = image.png; name = "Ангелина Акименко.png"; path = "../../../All Assets/Ready/Contents/Avatars/Ангелина Акименко.png"; sourceTree = "<group>"; };
		5735E2B5201CB72C002D0851 /* Слой 14.png */ = {isa = PBXFileReference; lastKnownFileType = image.png; name = "Слой 14.png"; path = "../../../All Assets/Ready/Contents/Avatars/Слой 14.png"; sourceTree = "<group>"; };
		5735E2BF201CC065002D0851 /* body.png */ = {isa = PBXFileReference; lastKnownFileType = image.png; path = body.png; sourceTree = "<group>"; };
		5735E2C0201CC065002D0851 /* boobs.png */ = {isa = PBXFileReference; lastKnownFileType = image.png; path = boobs.png; sourceTree = "<group>"; };
		5735E2C3201CFB97002D0851 /* addgirl.png */ = {isa = PBXFileReference; lastKnownFileType = image.png; path = addgirl.png; sourceTree = "<group>"; };
		5735E2C5201D01B0002D0851 /* plus.png */ = {isa = PBXFileReference; lastKnownFileType = image.png; path = plus.png; sourceTree = "<group>"; };
		5735E2C6201D01B0002D0851 /* delete.png */ = {isa = PBXFileReference; lastKnownFileType = image.png; path = delete.png; sourceTree = "<group>"; };
		5735E2C9201D080F002D0851 /* Logo.png */ = {isa = PBXFileReference; lastKnownFileType = image.png; name = Logo.png; path = "../../../All Assets/Ready/Contents/Logo.png"; sourceTree = "<group>"; };
		5735E2CB201D109A002D0851 /* NavSecondViewController.swift */ = {isa = PBXFileReference; lastKnownFileType = sourcecode.swift; path = NavSecondViewController.swift; sourceTree = "<group>"; };
/* End PBXFileReference section */

/* Begin PBXFrameworksBuildPhase section */
		5735E241201BC427002D0851 /* Frameworks */ = {
			isa = PBXFrameworksBuildPhase;
			buildActionMask = 2147483647;
			files = (
			);
			runOnlyForDeploymentPostprocessing = 0;
		};
		5735E255201BC427002D0851 /* Frameworks */ = {
			isa = PBXFrameworksBuildPhase;
			buildActionMask = 2147483647;
			files = (
			);
			runOnlyForDeploymentPostprocessing = 0;
		};
		5735E260201BC427002D0851 /* Frameworks */ = {
			isa = PBXFrameworksBuildPhase;
			buildActionMask = 2147483647;
			files = (
			);
			runOnlyForDeploymentPostprocessing = 0;
		};
/* End PBXFrameworksBuildPhase section */

/* Begin PBXGroup section */
		5735E23B201BC427002D0851 = {
			isa = PBXGroup;
			children = (
				5735E2CB201D109A002D0851 /* NavSecondViewController.swift */,
				5735E246201BC427002D0851 /* Compliment 2.0 */,
				5735E25B201BC427002D0851 /* Compliment 2.0Tests */,
				5735E266201BC427002D0851 /* Compliment 2.0UITests */,
				5735E245201BC427002D0851 /* Products */,
			);
			sourceTree = "<group>";
		};
		5735E245201BC427002D0851 /* Products */ = {
			isa = PBXGroup;
			children = (
				5735E244201BC427002D0851 /* Compliment 2.0.app */,
				5735E258201BC427002D0851 /* Compliment 2.0Tests.xctest */,
				5735E263201BC427002D0851 /* Compliment 2.0UITests.xctest */,
			);
			name = Products;
			sourceTree = "<group>";
		};
		5735E246201BC427002D0851 /* Compliment 2.0 */ = {
			isa = PBXGroup;
			children = (
				5735E298201CA0A3002D0851 /* input.png */,
				5735E296201C9EAC002D0851 /* next.png */,
				5735E2C9201D080F002D0851 /* Logo.png */,
				5735E2AF201CB72B002D0851 /* Анастасия Курдачева.png */,
				5735E2B4201CB72C002D0851 /* Ангелина Акименко.png */,
				5735E2B1201CB72B002D0851 /* Анна Фатеева.png */,
				5735E2B3201CB72C002D0851 /* Арина Бучарская.png */,
				5735E2C6201D01B0002D0851 /* delete.png */,
				5735E2C5201D01B0002D0851 /* plus.png */,
				5735E2BF201CC065002D0851 /* body.png */,
				5735E2C0201CC065002D0851 /* boobs.png */,
				5735E2C3201CFB97002D0851 /* addgirl.png */,
				5735E2AE201CB72B002D0851 /* Елизавета Орлова.png */,
				5735E2B0201CB72B002D0851 /* Мария Рафикова.png */,
				5735E2AD201CB72A002D0851 /* Слой 10.png */,
				5735E2B2201CB72B002D0851 /* Слой 12.png */,
				5735E2B5201CB72C002D0851 /* Слой 14.png */,
				5735E29A201CB122002D0851 /* VKEnter.png */,
				5735E29F201CB1A1002D0851 /* Main.storyboard */,
				5735E247201BC427002D0851 /* AppDelegate.swift */,
				5735E249201BC427002D0851 /* ViewController.swift */,
				5735E294201C9246002D0851 /* NavViewController.swift */,
				5735E24E201BC427002D0851 /* Assets.xcassets */,
				5735E250201BC427002D0851 /* LaunchScreen.storyboard */,
				5735E253201BC427002D0851 /* Info.plist */,
			);
			path = "Compliment 2.0";
			sourceTree = "<group>";
		};
		5735E25B201BC427002D0851 /* Compliment 2.0Tests */ = {
			isa = PBXGroup;
			children = (
				5735E25C201BC427002D0851 /* Compliment_2_0Tests.swift */,
				5735E25E201BC427002D0851 /* Info.plist */,
			);
			path = "Compliment 2.0Tests";
			sourceTree = "<group>";
		};
		5735E266201BC427002D0851 /* Compliment 2.0UITests */ = {
			isa = PBXGroup;
			children = (
				5735E267201BC427002D0851 /* Compliment_2_0UITests.swift */,
				5735E269201BC427002D0851 /* Info.plist */,
			);
			path = "Compliment 2.0UITests";
			sourceTree = "<group>";
		};
/* End PBXGroup section */

/* Begin PBXNativeTarget section */
		5735E243201BC427002D0851 /* Compliment 2.0 */ = {
			isa = PBXNativeTarget;
			buildConfigurationList = 5735E26C201BC427002D0851 /* Build configuration list for PBXNativeTarget "Compliment 2.0" */;
			buildPhases = (
				5735E240201BC427002D0851 /* Sources */,
				5735E241201BC427002D0851 /* Frameworks */,
				5735E242201BC427002D0851 /* Resources */,
			);
			buildRules = (
			);
			dependencies = (
			);
			name = "Compliment 2.0";
			productName = "Compliment 2.0";
			productReference = 5735E244201BC427002D0851 /* Compliment 2.0.app */;
			productType = "com.apple.product-type.application";
		};
		5735E257201BC427002D0851 /* Compliment 2.0Tests */ = {
			isa = PBXNativeTarget;
			buildConfigurationList = 5735E26F201BC427002D0851 /* Build configuration list for PBXNativeTarget "Compliment 2.0Tests" */;
			buildPhases = (
				5735E254201BC427002D0851 /* Sources */,
				5735E255201BC427002D0851 /* Frameworks */,
				5735E256201BC427002D0851 /* Resources */,
			);
			buildRules = (
			);
			dependencies = (
				5735E25A201BC427002D0851 /* PBXTargetDependency */,
			);
			name = "Compliment 2.0Tests";
			productName = "Compliment 2.0Tests";
			productReference = 5735E258201BC427002D0851 /* Compliment 2.0Tests.xctest */;
			productType = "com.apple.product-type.bundle.unit-test";
		};
		5735E262201BC427002D0851 /* Compliment 2.0UITests */ = {
			isa = PBXNativeTarget;
			buildConfigurationList = 5735E272201BC427002D0851 /* Build configuration list for PBXNativeTarget "Compliment 2.0UITests" */;
			buildPhases = (
				5735E25F201BC427002D0851 /* Sources */,
				5735E260201BC427002D0851 /* Frameworks */,
				5735E261201BC427002D0851 /* Resources */,
			);
			buildRules = (
			);
			dependencies = (
				5735E265201BC427002D0851 /* PBXTargetDependency */,
			);
			name = "Compliment 2.0UITests";
			productName = "Compliment 2.0UITests";
			productReference = 5735E263201BC427002D0851 /* Compliment 2.0UITests.xctest */;
			productType = "com.apple.product-type.bundle.ui-testing";
		};
/* End PBXNativeTarget section */

/* Begin PBXProject section */
		5735E23C201BC427002D0851 /* Project object */ = {
			isa = PBXProject;
			attributes = {
				LastSwiftUpdateCheck = 0920;
				LastUpgradeCheck = 0920;
				ORGANIZATIONNAME = "Никита Аплин";
				TargetAttributes = {
					5735E243201BC427002D0851 = {
						CreatedOnToolsVersion = 9.2;
						ProvisioningStyle = Automatic;
					};
					5735E257201BC427002D0851 = {
						CreatedOnToolsVersion = 9.2;
						ProvisioningStyle = Automatic;
						TestTargetID = 5735E243201BC427002D0851;
					};
					5735E262201BC427002D0851 = {
						CreatedOnToolsVersion = 9.2;
						ProvisioningStyle = Automatic;
						TestTargetID = 5735E243201BC427002D0851;
					};
				};
			};
			buildConfigurationList = 5735E23F201BC427002D0851 /* Build configuration list for PBXProject "Compliment 2.0" */;
			compatibilityVersion = "Xcode 8.0";
			developmentRegion = en;
			hasScannedForEncodings = 0;
			knownRegions = (
				en,
				Base,
			);
			mainGroup = 5735E23B201BC427002D0851;
			productRefGroup = 5735E245201BC427002D0851 /* Products */;
			projectDirPath = "";
			projectRoot = "";
			targets = (
				5735E243201BC427002D0851 /* Compliment 2.0 */,
				5735E257201BC427002D0851 /* Compliment 2.0Tests */,
				5735E262201BC427002D0851 /* Compliment 2.0UITests */,
			);
		};
/* End PBXProject section */

/* Begin PBXResourcesBuildPhase section */
		5735E242201BC427002D0851 /* Resources */ = {
			isa = PBXResourcesBuildPhase;
			buildActionMask = 2147483647;
			files = (
				5735E2B6201CB72C002D0851 /* Слой 10.png in Resources */,
				5735E2B8201CB72C002D0851 /* Анастасия Курдачева.png in Resources */,
				5735E2A1201CB1A1002D0851 /* Main.storyboard in Resources */,
				5735E2C1201CC066002D0851 /* body.png in Resources */,
				5735E252201BC427002D0851 /* LaunchScreen.storyboard in Resources */,
				5735E297201C9EAC002D0851 /* next.png in Resources */,
				5735E299201CA0A4002D0851 /* input.png in Resources */,
				5735E2BA201CB72C002D0851 /* Анна Фатеева.png in Resources */,
				5735E2BD201CB72C002D0851 /* Ангелина Акименко.png in Resources */,
				5735E2B9201CB72C002D0851 /* Мария Рафикова.png in Resources */,
				5735E2C7201D01B1002D0851 /* plus.png in Resources */,
				5735E2C2201CC066002D0851 /* boobs.png in Resources */,
				5735E2B7201CB72C002D0851 /* Елизавета Орлова.png in Resources */,
				5735E2BC201CB72C002D0851 /* Арина Бучарская.png in Resources */,
				5735E2BE201CB72C002D0851 /* Слой 14.png in Resources */,
				5735E2CA201D080F002D0851 /* Logo.png in Resources */,
				5735E24F201BC427002D0851 /* Assets.xcassets in Resources */,
				5735E2BB201CB72C002D0851 /* Слой 12.png in Resources */,
				5735E2C8201D01B1002D0851 /* delete.png in Resources */,
				5735E29B201CB123002D0851 /* VKEnter.png in Resources */,
				5735E2C4201CFB97002D0851 /* addgirl.png in Resources */,
			);
			runOnlyForDeploymentPostprocessing = 0;
		};
		5735E256201BC427002D0851 /* Resources */ = {
			isa = PBXResourcesBuildPhase;
			buildActionMask = 2147483647;
			files = (
			);
			runOnlyForDeploymentPostprocessing = 0;
		};
		5735E261201BC427002D0851 /* Resources */ = {
			isa = PBXResourcesBuildPhase;
			buildActionMask = 2147483647;
			files = (
			);
			runOnlyForDeploymentPostprocessing = 0;
		};
/* End PBXResourcesBuildPhase section */

/* Begin PBXSourcesBuildPhase section */
		5735E240201BC427002D0851 /* Sources */ = {
			isa = PBXSourcesBuildPhase;
			buildActionMask = 2147483647;
			files = (
				5735E2CC201D109A002D0851 /* NavSecondViewController.swift in Sources */,
				5735E24A201BC427002D0851 /* ViewController.swift in Sources */,
				5735E295201C9246002D0851 /* NavViewController.swift in Sources */,
				5735E248201BC427002D0851 /* AppDelegate.swift in Sources */,
			);
			runOnlyForDeploymentPostprocessing = 0;
		};
		5735E254201BC427002D0851 /* Sources */ = {
			isa = PBXSourcesBuildPhase;
			buildActionMask = 2147483647;
			files = (
				5735E25D201BC427002D0851 /* Compliment_2_0Tests.swift in Sources */,
			);
			runOnlyForDeploymentPostprocessing = 0;
		};
		5735E25F201BC427002D0851 /* Sources */ = {
			isa = PBXSourcesBuildPhase;
			buildActionMask = 2147483647;
			files = (
				5735E268201BC427002D0851 /* Compliment_2_0UITests.swift in Sources */,
			);
			runOnlyForDeploymentPostprocessing = 0;
		};
/* End PBXSourcesBuildPhase section */

/* Begin PBXTargetDependency section */
		5735E25A201BC427002D0851 /* PBXTargetDependency */ = {
			isa = PBXTargetDependency;
			target = 5735E243201BC427002D0851 /* Compliment 2.0 */;
			targetProxy = 5735E259201BC427002D0851 /* PBXContainerItemProxy */;
		};
		5735E265201BC427002D0851 /* PBXTargetDependency */ = {
			isa = PBXTargetDependency;
			target = 5735E243201BC427002D0851 /* Compliment 2.0 */;
			targetProxy = 5735E264201BC427002D0851 /* PBXContainerItemProxy */;
		};
/* End PBXTargetDependency section */

/* Begin PBXVariantGroup section */
		5735E250201BC427002D0851 /* LaunchScreen.storyboard */ = {
			isa = PBXVariantGroup;
			children = (
				5735E251201BC427002D0851 /* Base */,
			);
			name = LaunchScreen.storyboard;
			sourceTree = "<group>";
		};
		5735E29F201CB1A1002D0851 /* Main.storyboard */ = {
			isa = PBXVariantGroup;
			children = (
				5735E2A0201CB1A1002D0851 /* Base */,
			);
			name = Main.storyboard;
			sourceTree = "<group>";
		};
/* End PBXVariantGroup section */

/* Begin XCBuildConfiguration section */
		5735E26A201BC427002D0851 /* Debug */ = {
			isa = XCBuildConfiguration;
			buildSettings = {
				ALWAYS_SEARCH_USER_PATHS = NO;
				CLANG_ANALYZER_NONNULL = YES;
				CLANG_ANALYZER_NUMBER_OBJECT_CONVERSION = YES_AGGRESSIVE;
				CLANG_CXX_LANGUAGE_STANDARD = "gnu++14";
				CLANG_CXX_LIBRARY = "libc++";
				CLANG_ENABLE_MODULES = YES;
				CLANG_ENABLE_OBJC_ARC = YES;
				CLANG_WARN_BLOCK_CAPTURE_AUTORELEASING = YES;
				CLANG_WARN_BOOL_CONVERSION = YES;
				CLANG_WARN_COMMA = YES;
				CLANG_WARN_CONSTANT_CONVERSION = YES;
				CLANG_WARN_DIRECT_OBJC_ISA_USAGE = YES_ERROR;
				CLANG_WARN_DOCUMENTATION_COMMENTS = YES;
				CLANG_WARN_EMPTY_BODY = YES;
				CLANG_WARN_ENUM_CONVERSION = YES;
				CLANG_WARN_INFINITE_RECURSION = YES;
				CLANG_WARN_INT_CONVERSION = YES;
				CLANG_WARN_NON_LITERAL_NULL_CONVERSION = YES;
				CLANG_WARN_OBJC_LITERAL_CONVERSION = YES;
				CLANG_WARN_OBJC_ROOT_CLASS = YES_ERROR;
				CLANG_WARN_RANGE_LOOP_ANALYSIS = YES;
				CLANG_WARN_STRICT_PROTOTYPES = YES;
				CLANG_WARN_SUSPICIOUS_MOVE = YES;
				CLANG_WARN_UNGUARDED_AVAILABILITY = YES_AGGRESSIVE;
				CLANG_WARN_UNREACHABLE_CODE = YES;
				CLANG_WARN__DUPLICATE_METHOD_MATCH = YES;
				CODE_SIGN_IDENTITY = "iPhone Developer";
				COPY_PHASE_STRIP = NO;
				DEBUG_INFORMATION_FORMAT = dwarf;
				ENABLE_STRICT_OBJC_MSGSEND = YES;
				ENABLE_TESTABILITY = YES;
				GCC_C_LANGUAGE_STANDARD = gnu11;
				GCC_DYNAMIC_NO_PIC = NO;
				GCC_NO_COMMON_BLOCKS = YES;
				GCC_OPTIMIZATION_LEVEL = 0;
				GCC_PREPROCESSOR_DEFINITIONS = (
					"DEBUG=1",
					"$(inherited)",
				);
				GCC_WARN_64_TO_32_BIT_CONVERSION = YES;
				GCC_WARN_ABOUT_RETURN_TYPE = YES_ERROR;
				GCC_WARN_UNDECLARED_SELECTOR = YES;
				GCC_WARN_UNINITIALIZED_AUTOS = YES_AGGRESSIVE;
				GCC_WARN_UNUSED_FUNCTION = YES;
				GCC_WARN_UNUSED_VARIABLE = YES;
				IPHONEOS_DEPLOYMENT_TARGET = 11.2;
				MTL_ENABLE_DEBUG_INFO = YES;
				ONLY_ACTIVE_ARCH = YES;
				SDKROOT = iphoneos;
				SWIFT_ACTIVE_COMPILATION_CONDITIONS = DEBUG;
				SWIFT_OPTIMIZATION_LEVEL = "-Onone";
			};
			name = Debug;
		};
		5735E26B201BC427002D0851 /* Release */ = {
			isa = XCBuildConfiguration;
			buildSettings = {
				ALWAYS_SEARCH_USER_PATHS = NO;
				CLANG_ANALYZER_NONNULL = YES;
				CLANG_ANALYZER_NUMBER_OBJECT_CONVERSION = YES_AGGRESSIVE;
				CLANG_CXX_LANGUAGE_STANDARD = "gnu++14";
				CLANG_CXX_LIBRARY = "libc++";
				CLANG_ENABLE_MODULES = YES;
				CLANG_ENABLE_OBJC_ARC = YES;
				CLANG_WARN_BLOCK_CAPTURE_AUTORELEASING = YES;
				CLANG_WARN_BOOL_CONVERSION = YES;
				CLANG_WARN_COMMA = YES;
				CLANG_WARN_CONSTANT_CONVERSION = YES;
				CLANG_WARN_DIRECT_OBJC_ISA_USAGE = YES_ERROR;
				CLANG_WARN_DOCUMENTATION_COMMENTS = YES;
				CLANG_WARN_EMPTY_BODY = YES;
				CLANG_WARN_ENUM_CONVERSION = YES;
				CLANG_WARN_INFINITE_RECURSION = YES;
				CLANG_WARN_INT_CONVERSION = YES;
				CLANG_WARN_NON_LITERAL_NULL_CONVERSION = YES;
				CLANG_WARN_OBJC_LITERAL_CONVERSION = YES;
				CLANG_WARN_OBJC_ROOT_CLASS = YES_ERROR;
				CLANG_WARN_RANGE_LOOP_ANALYSIS = YES;
				CLANG_WARN_STRICT_PROTOTYPES = YES;
				CLANG_WARN_SUSPICIOUS_MOVE = YES;
				CLANG_WARN_UNGUARDED_AVAILABILITY = YES_AGGRESSIVE;
				CLANG_WARN_UNREACHABLE_CODE = YES;
				CLANG_WARN__DUPLICATE_METHOD_MATCH = YES;
				CODE_SIGN_IDENTITY = "iPhone Developer";
				COPY_PHASE_STRIP = NO;
				DEBUG_INFORMATION_FORMAT = "dwarf-with-dsym";
				ENABLE_NS_ASSERTIONS = NO;
				ENABLE_STRICT_OBJC_MSGSEND = YES;
				GCC_C_LANGUAGE_STANDARD = gnu11;
				GCC_NO_COMMON_BLOCKS = YES;
				GCC_WARN_64_TO_32_BIT_CONVERSION = YES;
				GCC_WARN_ABOUT_RETURN_TYPE = YES_ERROR;
				GCC_WARN_UNDECLARED_SELECTOR = YES;
				GCC_WARN_UNINITIALIZED_AUTOS = YES_AGGRESSIVE;
				GCC_WARN_UNUSED_FUNCTION = YES;
				GCC_WARN_UNUSED_VARIABLE = YES;
				IPHONEOS_DEPLOYMENT_TARGET = 11.2;
				MTL_ENABLE_DEBUG_INFO = NO;
				SDKROOT = iphoneos;
				SWIFT_OPTIMIZATION_LEVEL = "-Owholemodule";
				VALIDATE_PRODUCT = YES;
			};
			name = Release;
		};
		5735E26D201BC427002D0851 /* Debug */ = {
			isa = XCBuildConfiguration;
			buildSettings = {
				ALWAYS_EMBED_SWIFT_STANDARD_LIBRARIES = YES;
				ASSETCATALOG_COMPILER_APPICON_NAME = AppIcon;
				CODE_SIGN_STYLE = Automatic;
				DEVELOPMENT_TEAM = ESY9U785K8;
				INFOPLIST_FILE = "Compliment 2.0/Info.plist";
				LD_RUNPATH_SEARCH_PATHS = "$(inherited) @executable_path/Frameworks";
				PRODUCT_BUNDLE_IDENTIFIER = "com.nikita-aplin.Compliment-2-0";
				PRODUCT_NAME = "$(TARGET_NAME)";
				SWIFT_VERSION = 4.0;
				TARGETED_DEVICE_FAMILY = "1,2";
			};
			name = Debug;
		};
		5735E26E201BC427002D0851 /* Release */ = {
			isa = XCBuildConfiguration;
			buildSettings = {
				ALWAYS_EMBED_SWIFT_STANDARD_LIBRARIES = YES;
				ASSETCATALOG_COMPILER_APPICON_NAME = AppIcon;
				CODE_SIGN_STYLE = Automatic;
				DEVELOPMENT_TEAM = ESY9U785K8;
				INFOPLIST_FILE = "Compliment 2.0/Info.plist";
				LD_RUNPATH_SEARCH_PATHS = "$(inherited) @executable_path/Frameworks";
				PRODUCT_BUNDLE_IDENTIFIER = "com.nikita-aplin.Compliment-2-0";
				PRODUCT_NAME = "$(TARGET_NAME)";
				SWIFT_VERSION = 4.0;
				TARGETED_DEVICE_FAMILY = "1,2";
			};
			name = Release;
		};
		5735E270201BC427002D0851 /* Debug */ = {
			isa = XCBuildConfiguration;
			buildSettings = {
				ALWAYS_EMBED_SWIFT_STANDARD_LIBRARIES = YES;
				BUNDLE_LOADER = "$(TEST_HOST)";
				CODE_SIGN_STYLE = Automatic;
				DEVELOPMENT_TEAM = ESY9U785K8;
				INFOPLIST_FILE = "Compliment 2.0Tests/Info.plist";
				LD_RUNPATH_SEARCH_PATHS = "$(inherited) @executable_path/Frameworks @loader_path/Frameworks";
				PRODUCT_BUNDLE_IDENTIFIER = "com.nikita-aplin.Compliment-2-0Tests";
				PRODUCT_NAME = "$(TARGET_NAME)";
				SWIFT_VERSION = 4.0;
				TARGETED_DEVICE_FAMILY = "1,2";
				TEST_HOST = "$(BUILT_PRODUCTS_DIR)/Compliment 2.0.app/Compliment 2.0";
			};
			name = Debug;
		};
		5735E271201BC427002D0851 /* Release */ = {
			isa = XCBuildConfiguration;
			buildSettings = {
				ALWAYS_EMBED_SWIFT_STANDARD_LIBRARIES = YES;
				BUNDLE_LOADER = "$(TEST_HOST)";
				CODE_SIGN_STYLE = Automatic;
				DEVELOPMENT_TEAM = ESY9U785K8;
				INFOPLIST_FILE = "Compliment 2.0Tests/Info.plist";
				LD_RUNPATH_SEARCH_PATHS = "$(inherited) @executable_path/Frameworks @loader_path/Frameworks";
				PRODUCT_BUNDLE_IDENTIFIER = "com.nikita-aplin.Compliment-2-0Tests";
				PRODUCT_NAME = "$(TARGET_NAME)";
				SWIFT_VERSION = 4.0;
				TARGETED_DEVICE_FAMILY = "1,2";
				TEST_HOST = "$(BUILT_PRODUCTS_DIR)/Compliment 2.0.app/Compliment 2.0";
			};
			name = Release;
		};
		5735E273201BC427002D0851 /* Debug */ = {
			isa = XCBuildConfiguration;
			buildSettings = {
				ALWAYS_EMBED_SWIFT_STANDARD_LIBRARIES = YES;
				CODE_SIGN_STYLE = Automatic;
				DEVELOPMENT_TEAM = ESY9U785K8;
				INFOPLIST_FILE = "Compliment 2.0UITests/Info.plist";
				LD_RUNPATH_SEARCH_PATHS = "$(inherited) @executable_path/Frameworks @loader_path/Frameworks";
				PRODUCT_BUNDLE_IDENTIFIER = "com.nikita-aplin.Compliment-2-0UITests";
				PRODUCT_NAME = "$(TARGET_NAME)";
				SWIFT_VERSION = 4.0;
				TARGETED_DEVICE_FAMILY = "1,2";
				TEST_TARGET_NAME = "Compliment 2.0";
			};
			name = Debug;
		};
		5735E274201BC427002D0851 /* Release */ = {
			isa = XCBuildConfiguration;
			buildSettings = {
				ALWAYS_EMBED_SWIFT_STANDARD_LIBRARIES = YES;
				CODE_SIGN_STYLE = Automatic;
				DEVELOPMENT_TEAM = ESY9U785K8;
				INFOPLIST_FILE = "Compliment 2.0UITests/Info.plist";
				LD_RUNPATH_SEARCH_PATHS = "$(inherited) @executable_path/Frameworks @loader_path/Frameworks";
				PRODUCT_BUNDLE_IDENTIFIER = "com.nikita-aplin.Compliment-2-0UITests";
				PRODUCT_NAME = "$(TARGET_NAME)";
				SWIFT_VERSION = 4.0;
				TARGETED_DEVICE_FAMILY = "1,2";
				TEST_TARGET_NAME = "Compliment 2.0";
			};
			name = Release;
		};
/* End XCBuildConfiguration section */

/* Begin XCConfigurationList section */
		5735E23F201BC427002D0851 /* Build configuration list for PBXProject "Compliment 2.0" */ = {
			isa = XCConfigurationList;
			buildConfigurations = (
				5735E26A201BC427002D0851 /* Debug */,
				5735E26B201BC427002D0851 /* Release */,
			);
			defaultConfigurationIsVisible = 0;
			defaultConfigurationName = Release;
		};
		5735E26C201BC427002D0851 /* Build configuration list for PBXNativeTarget "Compliment 2.0" */ = {
			isa = XCConfigurationList;
			buildConfigurations = (
				5735E26D201BC427002D0851 /* Debug */,
				5735E26E201BC427002D0851 /* Release */,
			);
			defaultConfigurationIsVisible = 0;
			defaultConfigurationName = Release;
		};
		5735E26F201BC427002D0851 /* Build configuration list for PBXNativeTarget "Compliment 2.0Tests" */ = {
			isa = XCConfigurationList;
			buildConfigurations = (
				5735E270201BC427002D0851 /* Debug */,
				5735E271201BC427002D0851 /* Release */,
			);
			defaultConfigurationIsVisible = 0;
			defaultConfigurationName = Release;
		};
		5735E272201BC427002D0851 /* Build configuration list for PBXNativeTarget "Compliment 2.0UITests" */ = {
			isa = XCConfigurationList;
			buildConfigurations = (
				5735E273201BC427002D0851 /* Debug */,
				5735E274201BC427002D0851 /* Release */,
			);
			defaultConfigurationIsVisible = 0;
			defaultConfigurationName = Release;
		};
/* End XCConfigurationList section */
	};
	rootObject = 5735E23C201BC427002D0851 /* Project object */;
}
